
Microsoft Visual Studio Solution File, Format Version 12.00
# Visual Studio Version 17
VisualStudioVersion = 17.4.33213.308
MinimumVisualStudioVersion = 10.0.40219.1
Project("{FAE04EC0-301F-11D3-BF4B-00C04F79EFBC}") = "Ejercicio1_1.Android", "Ejercicio1_1.Android\Ejercicio1_1.Android.csproj", "{FF46AF6F-C6F5-4DAD-AA2B-AB0401B46120}"
EndProject
Project("{FAE04EC0-301F-11D3-BF4B-00C04F79EFBC}") = "Ejercicio1_1.iOS", "Ejercicio1_1.iOS\Ejercicio1_1.iOS.csproj", "{297BE9E8-48C5-4D89-B3A7-B8C272232302}"
EndProject
Project("{FAE04EC0-301F-11D3-BF4B-00C04F79EFBC}") = "Ejercicio1_1", "Ejercicio1_1\Ejercicio1_1.csproj", "{FFE2A42A-000E-4B7A-95B7-1834FFE763F6}"
EndProject
Global
	GlobalSection(SolutionConfigurationPlatforms) = preSolution
		Debug|Any CPU = Debug|Any CPU
		Debug|iPhone = Debug|iPhone
		Debug|iPhoneSimulator = Debug|iPhoneSimulator
		Release|Any CPU = Release|Any CPU
		Release|iPhone = Release|iPhone
		Release|iPhoneSimulator = Release|iPhoneSimulator
	EndGlobalSection
	GlobalSection(ProjectConfigurationPlatforms) = postSolution
		{FF46AF6F-C6F5-4DAD-AA2B-AB0401B46120}.Debug|Any CPU.ActiveCfg = Debug|Any CPU
		{FF46AF6F-C6F5-4DAD-AA2B-AB0401B46120}.Debug|Any CPU.Build.0 = Debug|Any CPU
		{FF46AF6F-C6F5-4DAD-AA2B-AB0401B46120}.Debug|Any CPU.Deploy.0 = Debug|Any CPU
		{FF46AF6F-C6F5-4DAD-AA2B-AB0401B46120}.Debug|iPhone.ActiveCfg = Debug|Any CPU
		{FF46AF6F-C6F5-4DAD-AA2B-AB0401B46120}.Debug|iPhone.Build.0 = Debug|Any CPU
		{FF46AF6F-C6F5-4DAD-AA2B-AB0401B46120}.Debug|iPhone.Deploy.0 = Debug|Any CPU
		{FF46AF6F-C6F5-4DAD-AA2B-AB0401B46120}.Debug|iPhoneSimulator.ActiveCfg = Debug|Any CPU
		{FF46AF6F-C6F5-4DAD-AA2B-AB0401B46120}.Debug|iPhoneSimulator.Build.0 = Debug|Any CPU
		{FF46AF6F-C6F5-4DAD-AA2B-AB0401B46120}.Debug|iPhoneSimulator.Deploy.0 = Debug|Any CPU
		{FF46AF6F-C6F5-4DAD-AA2B-AB0401B46120}.Release|Any CPU.ActiveCfg = Release|Any CPU
		{FF46AF6F-C6F5-4DAD-AA2B-AB0401B46120}.Release|Any CPU.Build.0 = Release|Any CPU
		{FF46AF6F-C6F5-4DAD-AA2B-AB0401B46120}.Release|Any CPU.Deploy.0 = Release|Any CPU
		{FF46AF6F-C6F5-4DAD-AA2B-AB0401B46120}.Release|iPhone.ActiveCfg = Release|Any CPU
		{FF46AF6F-C6F5-4DAD-AA2B-AB0401B46120}.Release|iPhone.Build.0 = Release|Any CPU
		{FF46AF6F-C6F5-4DAD-AA2B-AB0401B46120}.Release|iPhone.Deploy.0 = Release|Any CPU
		{FF46AF6F-C6F5-4DAD-AA2B-AB0401B46120}.Release|iPhoneSimulator.ActiveCfg = Release|Any CPU
		{FF46AF6F-C6F5-4DAD-AA2B-AB0401B46120}.Release|iPhoneSimulator.Build.0 = Release|Any CPU
		{FF46AF6F-C6F5-4DAD-AA2B-AB0401B46120}.Release|iPhoneSimulator.Deploy.0 = Release|Any CPU
		{297BE9E8-48C5-4D89-B3A7-B8C272232302}.Debug|Any CPU.ActiveCfg = Debug|iPhone
		{297BE9E8-48C5-4D89-B3A7-B8C272232302}.Debug|Any CPU.Build.0 = Debug|iPhone
		{297BE9E8-48C5-4D89-B3A7-B8C272232302}.Debug|Any CPU.Deploy.0 = Debug|iPhone
		{297BE9E8-48C5-4D89-B3A7-B8C272232302}.Debug|iPhone.ActiveCfg = Debug|iPhone
		{297BE9E8-48C5-4D89-B3A7-B8C272232302}.Debug|iPhone.Build.0 = Debug|iPhone
		{297BE9E8-48C5-4D89-B3A7-B8C272232302}.Debug|iPhone.Deploy.0 = Debug|iPhone
		{297BE9E8-48C5-4D89-B3A7-B8C272232302}.Debug|iPhoneSimulator.ActiveCfg = Debug|iPhoneSimulator
		{297BE9E8-48C5-4D89-B3A7-B8C272232302}.Debug|iPhoneSimulator.Build.0 = Debug|iPhoneSimulator
		{297BE9E8-48C5-4D89-B3A7-B8C272232302}.Debug|iPhoneSimulator.Deploy.0 = Debug|iPhoneSimulator
		{297BE9E8-48C5-4D89-B3A7-B8C272232302}.Release|Any CPU.ActiveCfg = Release|iPhoneSimulator
		{297BE9E8-48C5-4D89-B3A7-B8C272232302}.Release|Any CPU.Build.0 = Release|iPhoneSimulator
		{297BE9E8-48C5-4D89-B3A7-B8C272232302}.Release|Any CPU.Deploy.0 = Release|iPhoneSimulator
		{297BE9E8-48C5-4D89-B3A7-B8C272232302}.Release|iPhone.ActiveCfg = Release|iPhone
		{297BE9E8-48C5-4D89-B3A7-B8C272232302}.Release|iPhone.Build.0 = Release|iPhone
		{297BE9E8-48C5-4D89-B3A7-B8C272232302}.Release|iPhone.Deploy.0 = Release|iPhone
		{297BE9E8-48C5-4D89-B3A7-B8C272232302}.Release|iPhoneSimulator.ActiveCfg = Release|iPhoneSimulator
		{297BE9E8-48C5-4D89-B3A7-B8C272232302}.Release|iPhoneSimulator.Build.0 = Release|iPhoneSimulator
		{297BE9E8-48C5-4D89-B3A7-B8C272232302}.Release|iPhoneSimulator.Deploy.0 = Release|iPhoneSimulator
		{FFE2A42A-000E-4B7A-95B7-1834FFE763F6}.Debug|Any CPU.ActiveCfg = Debug|Any CPU
		{FFE2A42A-000E-4B7A-95B7-1834FFE763F6}.Debug|Any CPU.Build.0 = Debug|Any CPU
		{FFE2A42A-000E-4B7A-95B7-1834FFE763F6}.Debug|Any CPU.Deploy.0 = Debug|Any CPU
		{FFE2A42A-000E-4B7A-95B7-1834FFE763F6}.Debug|iPhone.ActiveCfg = Debug|Any CPU
		{FFE2A42A-000E-4B7A-95B7-1834FFE763F6}.Debug|iPhone.Build.0 = Debug|Any CPU
		{FFE2A42A-000E-4B7A-95B7-1834FFE763F6}.Debug|iPhone.Deploy.0 = Debug|Any CPU
		{FFE2A42A-000E-4B7A-95B7-1834FFE763F6}.Debug|iPhoneSimulator.ActiveCfg = Debug|Any CPU
		{FFE2A42A-000E-4B7A-95B7-1834FFE763F6}.Debug|iPhoneSimulator.Build.0 = Debug|Any CPU
		{FFE2A42A-000E-4B7A-95B7-1834FFE763F6}.Debug|iPhoneSimulator.Deploy.0 = Debug|Any CPU
		{FFE2A42A-000E-4B7A-95B7-1834FFE763F6}.Release|Any CPU.ActiveCfg = Release|Any CPU
		{FFE2A42A-000E-4B7A-95B7-1834FFE763F6}.Release|Any CPU.Build.0 = Release|Any CPU
		{FFE2A42A-000E-4B7A-95B7-1834FFE763F6}.Release|Any CPU.Deploy.0 = Release|Any CPU
		{FFE2A42A-000E-4B7A-95B7-1834FFE763F6}.Release|iPhone.ActiveCfg = Release|Any CPU
		{FFE2A42A-000E-4B7A-95B7-1834FFE763F6}.Release|iPhone.Build.0 = Release|Any CPU
		{FFE2A42A-000E-4B7A-95B7-1834FFE763F6}.Release|iPhone.Deploy.0 = Release|Any CPU
		{FFE2A42A-000E-4B7A-95B7-1834FFE763F6}.Release|iPhoneSimulator.ActiveCfg = Release|Any CPU
		{FFE2A42A-000E-4B7A-95B7-1834FFE763F6}.Release|iPhoneSimulator.Build.0 = Release|Any CPU
		{FFE2A42A-000E-4B7A-95B7-1834FFE763F6}.Release|iPhoneSimulator.Deploy.0 = Release|Any CPU
	EndGlobalSection
	GlobalSection(SolutionProperties) = preSolution
		HideSolutionNode = FALSE
	EndGlobalSection
	GlobalSection(ExtensibilityGlobals) = postSolution
		SolutionGuid = {ED55A81A-04DE-4AE2-AE01-97053403D1A9}
	EndGlobalSection
EndGlobal
